
Microsoft Visual Studio Solution File, Format Version 12.00
# Visual Studio Version 16
VisualStudioVersion = 16.0.35229.62
MinimumVisualStudioVersion = 10.0.40219.1
Project("{FAE04EC0-301F-11D3-BF4B-00C04F79EFBC}") = "Proyecto_Gastronomia", "Proyecto_Gastronomia\Proyecto_Gastronomia.csproj", "{DE024EA9-52C7-478A-B65E-DF0B17833D91}"
EndProject
Global
	GlobalSection(SolutionConfigurationPlatforms) = preSolution
		Debug|Any CPU = Debug|Any CPU
		Release|Any CPU = Release|Any CPU
	EndGlobalSection
	GlobalSection(ProjectConfigurationPlatforms) = postSolution
		{DE024EA9-52C7-478A-B65E-DF0B17833D91}.Debug|Any CPU.ActiveCfg = Debug|Any CPU
		{DE024EA9-52C7-478A-B65E-DF0B17833D91}.Debug|Any CPU.Build.0 = Debug|Any CPU
		{DE024EA9-52C7-478A-B65E-DF0B17833D91}.Release|Any CPU.ActiveCfg = Release|Any CPU
		{DE024EA9-52C7-478A-B65E-DF0B17833D91}.Release|Any CPU.Build.0 = Release|Any CPU
	EndGlobalSection
	GlobalSection(SolutionProperties) = preSolution
		HideSolutionNode = FALSE
	EndGlobalSection
	GlobalSection(ExtensibilityGlobals) = postSolution
		SolutionGuid = {449D72D4-67CC-4D17-81A6-90B56FF7F784}
	EndGlobalSection
EndGlobal
